{
  "version": 4,
  "terraform_version": "1.12.2",
  "serial": 82,
  "lineage": "d0639091-cd47-43c0-b0d6-b76254b6f8d9",
  "outputs": {
    "cosmos_db_account_name": {
      "value": "eduiacosmosdb",
      "type": "string"
    },
    "cosmos_db_database_name": {
      "value": "topicsdb",
      "type": "string"
    },
    "postgresql_database_name": {
      "value": "topicsdb",
      "type": "string"
    },
    "vnet_name": {
      "value": "eduia-vnet",
      "type": "string"
    }
  },
  "resources": [
    {
      "mode": "managed",
      "type": "azurerm_resource_group",
      "name": "rg",
      "provider": "provider[\"registry.terraform.io/hashicorp/azurerm\"]",
      "instances": [
        {
          "schema_version": 0,
          "attributes": {
            "id": "/subscriptions/beec2163-27fb-4d8b-bf2d-36aecc895eb3/resourceGroups/rg-eduia",
            "location": "eastus",
            "managed_by": "",
            "name": "rg-eduia",
            "tags": {
              "Application": "eduia",
              "Environment": "Developtment"
            },
            "timeouts": null
          },
          "sensitive_attributes": [],
          "identity_schema_version": 0,
          "private": "eyJlMmJmYjczMC1lY2FhLTExZTYtOGY4OC0zNDM2M2JjN2M0YzAiOnsiY3JlYXRlIjo1NDAwMDAwMDAwMDAwLCJkZWxldGUiOjU0MDAwMDAwMDAwMDAsInJlYWQiOjMwMDAwMDAwMDAwMCwidXBkYXRlIjo1NDAwMDAwMDAwMDAwfX0="
        }
      ]
    }
  ],
  "check_results": null
}
